<Solution>
  <Project Path="../Delegates/01_BasicDelegates/01_BasicDelegates.csproj" />
  <Project Path="02_MulticastUndFunc/02_MulticastUndFunc.csproj" />
  <Project Path="03_EventsMitDelegates/03_EventsMitDelegates.csproj" />
  <Project Path="04_AlleDelegateArten/04_AlleDelegateArten.csproj" />
  <Project Path="05_EventBeispiele/05_EventBeispiele.csproj" />
  <Project Path="06_StringsUndStringBuilder/06_StringsUndStringBuilder.csproj" />
  <Project Path="07_Generics/07_Generics.csproj" />
  <Project Path="AufgabeWarenkorb/AufgabeWarenkorb.csproj" Id="b5e41287-1047-49eb-af0e-cb6510a3bbfb" />
  <Project Path="Bibliothek/Bibliothek.csproj" />
  <Project Path="ChiffreAufgabe/ChiffreAufgabe.csproj" Id="7298fd95-fb88-4b4b-aaa4-62a685e08ac1" />
  <Project Path="ExtentionsMethods/ExtentionsMethods.csproj" Id="6b91e0cd-8f80-43d0-a955-bf3992354f70" />
  <Project Path="HelloStreams/HelloStreams/HelloStreams.csproj" />
  <Project Path="LINQ/LINQ.csproj" Id="71d2cd57-2677-4186-8d94-d6eb6f09282f" />
  <Project Path="MyList/MyList.csproj" Id="e9228a7e-bef9-4a15-b386-4ceed49348a8" />
  <Project Path="Test/TestSpeicher.csproj" Id="d63bff76-0f1d-4e29-9484-5b625ca66305" />
  <Project Path="VertiefungC#_1/VertiefungC#_1.csproj" />
</Solution>
